<?xml version="1.0" encoding="utf-8"?>
<Project ToolsVersion="4.0" xmlns="http://schemas.microsoft.com/developer/msbuild/2003">
  <ItemGroup>
    <Filter Include="Source Files">
      <UniqueIdentifier>{4FC737F1-C7A5-4376-A066-2A32D752A2FF}</UniqueIdentifier>
      <Extensions>cpp;c;cc;cxx;def;odl;idl;hpj;bat;asm;asmx</Extensions>
    </Filter>
    <Filter Include="Header Files">
      <UniqueIdentifier>{93995380-89BD-4b04-88EB-625FBE52EBFB}</UniqueIdentifier>
      <Extensions>h;hpp;hxx;hm;inl;inc;xsd</Extensions>
    </Filter>
    <Filter Include="Resource Files">
      <UniqueIdentifier>{67DA6AB6-F800-4c08-8B7A-83BB121AAD01}</UniqueIdentifier>
      <Extensions>rc;ico;cur;bmp;dlg;rc2;rct;bin;rgs;gif;jpg;jpeg;jpe;resx;tiff;tif;png;wav;mfcribbon-ms</Extensions>
    </Filter>
    <Filter Include="Header Files\Game">
      <UniqueIdentifier>{ad5f5130-f7e2-44fe-8bba-3b0e96361a57}</UniqueIdentifier>
    </Filter>
    <Filter Include="Source Files\Game">
      <UniqueIdentifier>{aa44d26b-638f-4547-91a2-5510324b7c70}</UniqueIdentifier>
    </Filter>
    <Filter Include="Header Files\EyeTracker">
      <UniqueIdentifier>{b8bc8b40-1047-40f7-8407-5519760f3f68}</UniqueIdentifier>
    </Filter>
    <Filter Include="Source Files\EyeTracker">
      <UniqueIdentifier>{679dcdcf-e72e-4fb2-8b7f-b1ef19132662}</UniqueIdentifier>
    </Filter>
  </ItemGroup>
  <ItemGroup>
    <ClCompile Include="TestDynamicObject.cpp">
      <Filter>Source Files\Game</Filter>
    </ClCompile>
    <ClCompile Include="DynamicObject.cpp">
      <Filter>Source Files\Game</Filter>
    </ClCompile>
    <ClCompile Include="Game.cpp">
      <Filter>Source Files\Game</Filter>
    </ClCompile>
    <ClCompile Include="GameWorld.cpp">
      <Filter>Source Files\Game</Filter>
    </ClCompile>
    <ClCompile Include="Skybox.cpp">
      <Filter>Source Files\Game</Filter>
    </ClCompile>
    <ClCompile Include="SkyDome.cpp">
      <Filter>Source Files\Game</Filter>
    </ClCompile>
    <ClCompile Include="Terrain.cpp">
      <Filter>Source Files\Game</Filter>
    </ClCompile>
    <ClCompile Include="Main.cpp">
      <Filter>Source Files</Filter>
    </ClCompile>
    <ClCompile Include="EyeTracker.cpp">
      <Filter>Source Files\EyeTracker</Filter>
    </ClCompile>
    <ClCompile Include="Helper.cpp">
      <Filter>Source Files\EyeTracker</Filter>
    </ClCompile>
    <ClCompile Include="FindEyeCorner.cpp">
      <Filter>Source Files\EyeTracker</Filter>
    </ClCompile>
    <ClCompile Include="FindEyeCenter.cpp">
      <Filter>Source Files\EyeTracker</Filter>
    </ClCompile>
    <ClCompile Include="Collider.cpp">
      <Filter>Source Files\Game</Filter>
    </ClCompile>
    <ClCompile Include="Cannonball.cpp">
      <Filter>Source Files\Game</Filter>
    </ClCompile>
    <ClCompile Include="Enemy.cpp">
      <Filter>Source Files\Game</Filter>
    </ClCompile>
  </ItemGroup>
  <ItemGroup>
    <ClInclude Include="DynamicObject.h">
      <Filter>Header Files\Game</Filter>
    </ClInclude>
    <ClInclude Include="Game.h">
      <Filter>Header Files\Game</Filter>
    </ClInclude>
    <ClInclude Include="GameWorld.h">
      <Filter>Header Files\Game</Filter>
    </ClInclude>
    <ClInclude Include="InputHandler.h">
      <Filter>Header Files\Game</Filter>
    </ClInclude>
    <ClInclude Include="Skybox.h">
      <Filter>Header Files\Game</Filter>
    </ClInclude>
    <ClInclude Include="SkyDome.h">
      <Filter>Header Files\Game</Filter>
    </ClInclude>
    <ClInclude Include="stdafx.h">
      <Filter>Header Files\Game</Filter>
    </ClInclude>
    <ClInclude Include="Terrain.h">
      <Filter>Header Files\Game</Filter>
    </ClInclude>
    <ClInclude Include="TestDynamicObject.h">
      <Filter>Header Files\Game</Filter>
    </ClInclude>
    <ClInclude Include="EyeTracker.h">
      <Filter>Header Files\EyeTracker</Filter>
    </ClInclude>
    <ClInclude Include="Helper.h">
      <Filter>Header Files\EyeTracker</Filter>
    </ClInclude>
    <ClInclude Include="Constants.h">
      <Filter>Header Files\EyeTracker</Filter>
    </ClInclude>
    <ClInclude Include="FindEyeCenter.h">
      <Filter>Header Files\EyeTracker</Filter>
    </ClInclude>
    <ClInclude Include="FindEyeCorner.h">
      <Filter>Header Files\EyeTracker</Filter>
    </ClInclude>
    <ClInclude Include="Collider.h">
      <Filter>Header Files\Game</Filter>
    </ClInclude>
    <ClInclude Include="Cannonball.h">
      <Filter>Header Files\Game</Filter>
    </ClInclude>
    <ClInclude Include="Enemy.h">
      <Filter>Header Files\Game</Filter>
    </ClInclude>
    <ClInclude Include="MathHelp.h">
      <Filter>Header Files\Game</Filter>
    </ClInclude>
  </ItemGroup>
</Project>